
Microsoft Visual Studio Solution File, Format Version 12.00
# Visual Studio Version 17
VisualStudioVersion = 17.0.31903.59
MinimumVisualStudioVersion = 10.0.40219.1
Project("{2150E333-8FDC-42A3-9474-1A3956D46DE8}") = "src", "src", "{827E0CD3-B72D-47B6-A68D-7590B98EB39B}"
EndProject
Project("{FAE04EC0-301F-11D3-BF4B-00C04F79EFBC}") = "NinetyNine.Model", "src\NinetyNine.Model\NinetyNine.Model.csproj", "{21309A0C-1195-4328-962F-1B765545C33D}"
EndProject
Project("{FAE04EC0-301F-11D3-BF4B-00C04F79EFBC}") = "NinetyNine.Repository", "src\NinetyNine.Repository\NinetyNine.Repository.csproj", "{A9C345FC-3305-4F1E-B000-CA9B1309D271}"
EndProject
Project("{FAE04EC0-301F-11D3-BF4B-00C04F79EFBC}") = "NinetyNine.Services", "src\NinetyNine.Services\NinetyNine.Services.csproj", "{E37DD6EA-503B-4F84-AB22-6400D848ADC5}"
EndProject
Project("{FAE04EC0-301F-11D3-BF4B-00C04F79EFBC}") = "NinetyNine.Web", "src\NinetyNine.Web\NinetyNine.Web.csproj", "{4124AB82-E160-47AA-BE17-CB01C25556D9}"
EndProject
Project("{2150E333-8FDC-42A3-9474-1A3956D46DE8}") = "tests", "tests", "{0AB3BF05-4346-4AA6-1389-037BE0695223}"
EndProject
Project("{FAE04EC0-301F-11D3-BF4B-00C04F79EFBC}") = "NinetyNine.Model.Tests", "tests\NinetyNine.Model.Tests\NinetyNine.Model.Tests.csproj", "{F1ACED4D-CCFD-41BF-96C8-F1A6CADE5ABB}"
EndProject
Project("{FAE04EC0-301F-11D3-BF4B-00C04F79EFBC}") = "NinetyNine.Repository.Tests", "tests\NinetyNine.Repository.Tests\NinetyNine.Repository.Tests.csproj", "{6D736DB9-5AD6-40E9-8DF6-AAFAF1C331EF}"
EndProject
Project("{FAE04EC0-301F-11D3-BF4B-00C04F79EFBC}") = "NinetyNine.Services.Tests", "tests\NinetyNine.Services.Tests\NinetyNine.Services.Tests.csproj", "{8EE31316-713A-4700-A757-BB172C66BE06}"
EndProject
Project("{FAE04EC0-301F-11D3-BF4B-00C04F79EFBC}") = "NinetyNine.Web.Tests", "tests\NinetyNine.Web.Tests\NinetyNine.Web.Tests.csproj", "{3213BADF-26DE-4EB7-94A4-D8D82DF36A47}"
EndProject
Global
	GlobalSection(SolutionConfigurationPlatforms) = preSolution
		Debug|Any CPU = Debug|Any CPU
		Debug|x64 = Debug|x64
		Debug|x86 = Debug|x86
		Release|Any CPU = Release|Any CPU
		Release|x64 = Release|x64
		Release|x86 = Release|x86
	EndGlobalSection
	GlobalSection(ProjectConfigurationPlatforms) = postSolution
		{21309A0C-1195-4328-962F-1B765545C33D}.Debug|Any CPU.ActiveCfg = Debug|Any CPU
		{21309A0C-1195-4328-962F-1B765545C33D}.Debug|Any CPU.Build.0 = Debug|Any CPU
		{21309A0C-1195-4328-962F-1B765545C33D}.Debug|x64.ActiveCfg = Debug|Any CPU
		{21309A0C-1195-4328-962F-1B765545C33D}.Debug|x64.Build.0 = Debug|Any CPU
		{21309A0C-1195-4328-962F-1B765545C33D}.Debug|x86.ActiveCfg = Debug|Any CPU
		{21309A0C-1195-4328-962F-1B765545C33D}.Debug|x86.Build.0 = Debug|Any CPU
		{21309A0C-1195-4328-962F-1B765545C33D}.Release|Any CPU.ActiveCfg = Release|Any CPU
		{21309A0C-1195-4328-962F-1B765545C33D}.Release|Any CPU.Build.0 = Release|Any CPU
		{21309A0C-1195-4328-962F-1B765545C33D}.Release|x64.ActiveCfg = Release|Any CPU
		{21309A0C-1195-4328-962F-1B765545C33D}.Release|x64.Build.0 = Release|Any CPU
		{21309A0C-1195-4328-962F-1B765545C33D}.Release|x86.ActiveCfg = Release|Any CPU
		{21309A0C-1195-4328-962F-1B765545C33D}.Release|x86.Build.0 = Release|Any CPU
		{A9C345FC-3305-4F1E-B000-CA9B1309D271}.Debug|Any CPU.ActiveCfg = Debug|Any CPU
		{A9C345FC-3305-4F1E-B000-CA9B1309D271}.Debug|Any CPU.Build.0 = Debug|Any CPU
		{A9C345FC-3305-4F1E-B000-CA9B1309D271}.Debug|x64.ActiveCfg = Debug|Any CPU
		{A9C345FC-3305-4F1E-B000-CA9B1309D271}.Debug|x64.Build.0 = Debug|Any CPU
		{A9C345FC-3305-4F1E-B000-CA9B1309D271}.Debug|x86.ActiveCfg = Debug|Any CPU
		{A9C345FC-3305-4F1E-B000-CA9B1309D271}.Debug|x86.Build.0 = Debug|Any CPU
		{A9C345FC-3305-4F1E-B000-CA9B1309D271}.Release|Any CPU.ActiveCfg = Release|Any CPU
		{A9C345FC-3305-4F1E-B000-CA9B1309D271}.Release|Any CPU.Build.0 = Release|Any CPU
		{A9C345FC-3305-4F1E-B000-CA9B1309D271}.Release|x64.ActiveCfg = Release|Any CPU
		{A9C345FC-3305-4F1E-B000-CA9B1309D271}.Release|x64.Build.0 = Release|Any CPU
		{A9C345FC-3305-4F1E-B000-CA9B1309D271}.Release|x86.ActiveCfg = Release|Any CPU
		{A9C345FC-3305-4F1E-B000-CA9B1309D271}.Release|x86.Build.0 = Release|Any CPU
		{E37DD6EA-503B-4F84-AB22-6400D848ADC5}.Debug|Any CPU.ActiveCfg = Debug|Any CPU
		{E37DD6EA-503B-4F84-AB22-6400D848ADC5}.Debug|Any CPU.Build.0 = Debug|Any CPU
		{E37DD6EA-503B-4F84-AB22-6400D848ADC5}.Debug|x64.ActiveCfg = Debug|Any CPU
		{E37DD6EA-503B-4F84-AB22-6400D848ADC5}.Debug|x64.Build.0 = Debug|Any CPU
		{E37DD6EA-503B-4F84-AB22-6400D848ADC5}.Debug|x86.ActiveCfg = Debug|Any CPU
		{E37DD6EA-503B-4F84-AB22-6400D848ADC5}.Debug|x86.Build.0 = Debug|Any CPU
		{E37DD6EA-503B-4F84-AB22-6400D848ADC5}.Release|Any CPU.ActiveCfg = Release|Any CPU
		{E37DD6EA-503B-4F84-AB22-6400D848ADC5}.Release|Any CPU.Build.0 = Release|Any CPU
		{E37DD6EA-503B-4F84-AB22-6400D848ADC5}.Release|x64.ActiveCfg = Release|Any CPU
		{E37DD6EA-503B-4F84-AB22-6400D848ADC5}.Release|x64.Build.0 = Release|Any CPU
		{E37DD6EA-503B-4F84-AB22-6400D848ADC5}.Release|x86.ActiveCfg = Release|Any CPU
		{E37DD6EA-503B-4F84-AB22-6400D848ADC5}.Release|x86.Build.0 = Release|Any CPU
		{4124AB82-E160-47AA-BE17-CB01C25556D9}.Debug|Any CPU.ActiveCfg = Debug|Any CPU
		{4124AB82-E160-47AA-BE17-CB01C25556D9}.Debug|Any CPU.Build.0 = Debug|Any CPU
		{4124AB82-E160-47AA-BE17-CB01C25556D9}.Debug|x64.ActiveCfg = Debug|Any CPU
		{4124AB82-E160-47AA-BE17-CB01C25556D9}.Debug|x64.Build.0 = Debug|Any CPU
		{4124AB82-E160-47AA-BE17-CB01C25556D9}.Debug|x86.ActiveCfg = Debug|Any CPU
		{4124AB82-E160-47AA-BE17-CB01C25556D9}.Debug|x86.Build.0 = Debug|Any CPU
		{4124AB82-E160-47AA-BE17-CB01C25556D9}.Release|Any CPU.ActiveCfg = Release|Any CPU
		{4124AB82-E160-47AA-BE17-CB01C25556D9}.Release|Any CPU.Build.0 = Release|Any CPU
		{4124AB82-E160-47AA-BE17-CB01C25556D9}.Release|x64.ActiveCfg = Release|Any CPU
		{4124AB82-E160-47AA-BE17-CB01C25556D9}.Release|x64.Build.0 = Release|Any CPU
		{4124AB82-E160-47AA-BE17-CB01C25556D9}.Release|x86.ActiveCfg = Release|Any CPU
		{4124AB82-E160-47AA-BE17-CB01C25556D9}.Release|x86.Build.0 = Release|Any CPU
		{F1ACED4D-CCFD-41BF-96C8-F1A6CADE5ABB}.Debug|Any CPU.ActiveCfg = Debug|Any CPU
		{F1ACED4D-CCFD-41BF-96C8-F1A6CADE5ABB}.Debug|Any CPU.Build.0 = Debug|Any CPU
		{F1ACED4D-CCFD-41BF-96C8-F1A6CADE5ABB}.Debug|x64.ActiveCfg = Debug|Any CPU
		{F1ACED4D-CCFD-41BF-96C8-F1A6CADE5ABB}.Debug|x64.Build.0 = Debug|Any CPU
		{F1ACED4D-CCFD-41BF-96C8-F1A6CADE5ABB}.Debug|x86.ActiveCfg = Debug|Any CPU
		{F1ACED4D-CCFD-41BF-96C8-F1A6CADE5ABB}.Debug|x86.Build.0 = Debug|Any CPU
		{F1ACED4D-CCFD-41BF-96C8-F1A6CADE5ABB}.Release|Any CPU.ActiveCfg = Release|Any CPU
		{F1ACED4D-CCFD-41BF-96C8-F1A6CADE5ABB}.Release|Any CPU.Build.0 = Release|Any CPU
		{F1ACED4D-CCFD-41BF-96C8-F1A6CADE5ABB}.Release|x64.ActiveCfg = Release|Any CPU
		{F1ACED4D-CCFD-41BF-96C8-F1A6CADE5ABB}.Release|x64.Build.0 = Release|Any CPU
		{F1ACED4D-CCFD-41BF-96C8-F1A6CADE5ABB}.Release|x86.ActiveCfg = Release|Any CPU
		{F1ACED4D-CCFD-41BF-96C8-F1A6CADE5ABB}.Release|x86.Build.0 = Release|Any CPU
		{6D736DB9-5AD6-40E9-8DF6-AAFAF1C331EF}.Debug|Any CPU.ActiveCfg = Debug|Any CPU
		{6D736DB9-5AD6-40E9-8DF6-AAFAF1C331EF}.Debug|Any CPU.Build.0 = Debug|Any CPU
		{6D736DB9-5AD6-40E9-8DF6-AAFAF1C331EF}.Debug|x64.ActiveCfg = Debug|Any CPU
		{6D736DB9-5AD6-40E9-8DF6-AAFAF1C331EF}.Debug|x64.Build.0 = Debug|Any CPU
		{6D736DB9-5AD6-40E9-8DF6-AAFAF1C331EF}.Debug|x86.ActiveCfg = Debug|Any CPU
		{6D736DB9-5AD6-40E9-8DF6-AAFAF1C331EF}.Debug|x86.Build.0 = Debug|Any CPU
		{6D736DB9-5AD6-40E9-8DF6-AAFAF1C331EF}.Release|Any CPU.ActiveCfg = Release|Any CPU
		{6D736DB9-5AD6-40E9-8DF6-AAFAF1C331EF}.Release|Any CPU.Build.0 = Release|Any CPU
		{6D736DB9-5AD6-40E9-8DF6-AAFAF1C331EF}.Release|x64.ActiveCfg = Release|Any CPU
		{6D736DB9-5AD6-40E9-8DF6-AAFAF1C331EF}.Release|x64.Build.0 = Release|Any CPU
		{6D736DB9-5AD6-40E9-8DF6-AAFAF1C331EF}.Release|x86.ActiveCfg = Release|Any CPU
		{6D736DB9-5AD6-40E9-8DF6-AAFAF1C331EF}.Release|x86.Build.0 = Release|Any CPU
		{8EE31316-713A-4700-A757-BB172C66BE06}.Debug|Any CPU.ActiveCfg = Debug|Any CPU
		{8EE31316-713A-4700-A757-BB172C66BE06}.Debug|Any CPU.Build.0 = Debug|Any CPU
		{8EE31316-713A-4700-A757-BB172C66BE06}.Debug|x64.ActiveCfg = Debug|Any CPU
		{8EE31316-713A-4700-A757-BB172C66BE06}.Debug|x64.Build.0 = Debug|Any CPU
		{8EE31316-713A-4700-A757-BB172C66BE06}.Debug|x86.ActiveCfg = Debug|Any CPU
		{8EE31316-713A-4700-A757-BB172C66BE06}.Debug|x86.Build.0 = Debug|Any CPU
		{8EE31316-713A-4700-A757-BB172C66BE06}.Release|Any CPU.ActiveCfg = Release|Any CPU
		{8EE31316-713A-4700-A757-BB172C66BE06}.Release|Any CPU.Build.0 = Release|Any CPU
		{8EE31316-713A-4700-A757-BB172C66BE06}.Release|x64.ActiveCfg = Release|Any CPU
		{8EE31316-713A-4700-A757-BB172C66BE06}.Release|x64.Build.0 = Release|Any CPU
		{8EE31316-713A-4700-A757-BB172C66BE06}.Release|x86.ActiveCfg = Release|Any CPU
		{8EE31316-713A-4700-A757-BB172C66BE06}.Release|x86.Build.0 = Release|Any CPU
		{3213BADF-26DE-4EB7-94A4-D8D82DF36A47}.Debug|Any CPU.ActiveCfg = Debug|Any CPU
		{3213BADF-26DE-4EB7-94A4-D8D82DF36A47}.Debug|Any CPU.Build.0 = Debug|Any CPU
		{3213BADF-26DE-4EB7-94A4-D8D82DF36A47}.Debug|x64.ActiveCfg = Debug|Any CPU
		{3213BADF-26DE-4EB7-94A4-D8D82DF36A47}.Debug|x64.Build.0 = Debug|Any CPU
		{3213BADF-26DE-4EB7-94A4-D8D82DF36A47}.Debug|x86.ActiveCfg = Debug|Any CPU
		{3213BADF-26DE-4EB7-94A4-D8D82DF36A47}.Debug|x86.Build.0 = Debug|Any CPU
		{3213BADF-26DE-4EB7-94A4-D8D82DF36A47}.Release|Any CPU.ActiveCfg = Release|Any CPU
		{3213BADF-26DE-4EB7-94A4-D8D82DF36A47}.Release|Any CPU.Build.0 = Release|Any CPU
		{3213BADF-26DE-4EB7-94A4-D8D82DF36A47}.Release|x64.ActiveCfg = Release|Any CPU
		{3213BADF-26DE-4EB7-94A4-D8D82DF36A47}.Release|x64.Build.0 = Release|Any CPU
		{3213BADF-26DE-4EB7-94A4-D8D82DF36A47}.Release|x86.ActiveCfg = Release|Any CPU
		{3213BADF-26DE-4EB7-94A4-D8D82DF36A47}.Release|x86.Build.0 = Release|Any CPU
	EndGlobalSection
	GlobalSection(SolutionProperties) = preSolution
		HideSolutionNode = FALSE
	EndGlobalSection
	GlobalSection(NestedProjects) = preSolution
		{21309A0C-1195-4328-962F-1B765545C33D} = {827E0CD3-B72D-47B6-A68D-7590B98EB39B}
		{A9C345FC-3305-4F1E-B000-CA9B1309D271} = {827E0CD3-B72D-47B6-A68D-7590B98EB39B}
		{E37DD6EA-503B-4F84-AB22-6400D848ADC5} = {827E0CD3-B72D-47B6-A68D-7590B98EB39B}
		{4124AB82-E160-47AA-BE17-CB01C25556D9} = {827E0CD3-B72D-47B6-A68D-7590B98EB39B}
		{F1ACED4D-CCFD-41BF-96C8-F1A6CADE5ABB} = {0AB3BF05-4346-4AA6-1389-037BE0695223}
		{6D736DB9-5AD6-40E9-8DF6-AAFAF1C331EF} = {0AB3BF05-4346-4AA6-1389-037BE0695223}
		{8EE31316-713A-4700-A757-BB172C66BE06} = {0AB3BF05-4346-4AA6-1389-037BE0695223}
		{3213BADF-26DE-4EB7-94A4-D8D82DF36A47} = {0AB3BF05-4346-4AA6-1389-037BE0695223}
	EndGlobalSection
EndGlobal
