
Microsoft Visual Studio Solution File, Format Version 12.00
# Visual Studio Version 17
VisualStudioVersion = 17.1.32210.238
MinimumVisualStudioVersion = 10.0.40219.1
Project("{9A19103F-16F7-4668-BE54-9A1E7A4F7556}") = "Model", "Model\Model.csproj", "{FB81B93B-FFD4-4845-BA80-EAE815F35835}"
EndProject
Project("{2150E333-8FDC-42A3-9474-1A3956D46DE8}") = "Documentation", "Documentation", "{00F6347D-16D0-4AB5-A717-7D8FB1F2A9C1}"
	ProjectSection(SolutionItems) = preProject
		Documentation\Play99_Rules_and_Scoresheets.pdf = Documentation\Play99_Rules_and_Scoresheets.pdf
	EndProjectSection
EndProject
Project("{2150E333-8FDC-42A3-9474-1A3956D46DE8}") = "Solution Items", "Solution Items", "{E388D797-8E26-4F2F-B8F8-FBC8962D09FD}"
	ProjectSection(SolutionItems) = preProject
		README.md = README.md
	EndProjectSection
EndProject
Project("{9A19103F-16F7-4668-BE54-9A1E7A4F7556}") = "Repository", "Repository\Repository.csproj", "{13734F15-653C-4E6B-A0BD-7C71A20A9E5F}"
EndProject
Project("{9A19103F-16F7-4668-BE54-9A1E7A4F7556}") = "Presentation", "Presentation\Presentation.csproj", "{B8A78904-AD6B-41BA-B50A-35E256CFD738}"
EndProject
Project("{9A19103F-16F7-4668-BE54-9A1E7A4F7556}") = "Services", "Services\Services.csproj", "{C5504345-5974-4E1D-8979-D28A820D79BC}"
EndProject
Project("{FAE04EC0-301F-11D3-BF4B-00C04F79EFBC}") = "Presentation.Tests", "Presentation.Tests\Presentation.Tests.csproj", "{7019C2DC-C59B-4F46-BB80-93748E98EBDF}"
EndProject
Project("{FAE04EC0-301F-11D3-BF4B-00C04F79EFBC}") = "Application", "App\Application.csproj", "{A1F7817B-47EF-42C4-972D-6E88EE05BBFD}"
EndProject
Project("{FAE04EC0-301F-11D3-BF4B-00C04F79EFBC}") = "Model.Tests", "Model.Tests\Model.Tests.csproj", "{C03945A4-0F2C-4F6A-AE8B-C4E9C93036D7}"
EndProject
Project("{FAE04EC0-301F-11D3-BF4B-00C04F79EFBC}") = "Repository.Tests", "Repository.Tests\Repository.Tests.csproj", "{3DBC5116-A29A-412F-8DE3-C53FD1FD3682}"
EndProject
Project("{FAE04EC0-301F-11D3-BF4B-00C04F79EFBC}") = "Services.Tests", "Services.Tests\Services.Tests.csproj", "{882F2E49-30CE-45E4-9EE6-7005BD0B079A}"
EndProject
Global
	GlobalSection(SolutionConfigurationPlatforms) = preSolution
		Debug|Any CPU = Debug|Any CPU
		Release|Any CPU = Release|Any CPU
	EndGlobalSection
	GlobalSection(ProjectConfigurationPlatforms) = postSolution
		{FB81B93B-FFD4-4845-BA80-EAE815F35835}.Debug|Any CPU.ActiveCfg = Debug|Any CPU
		{FB81B93B-FFD4-4845-BA80-EAE815F35835}.Debug|Any CPU.Build.0 = Debug|Any CPU
		{FB81B93B-FFD4-4845-BA80-EAE815F35835}.Release|Any CPU.ActiveCfg = Release|Any CPU
		{FB81B93B-FFD4-4845-BA80-EAE815F35835}.Release|Any CPU.Build.0 = Release|Any CPU
		{13734F15-653C-4E6B-A0BD-7C71A20A9E5F}.Debug|Any CPU.ActiveCfg = Debug|Any CPU
		{13734F15-653C-4E6B-A0BD-7C71A20A9E5F}.Debug|Any CPU.Build.0 = Debug|Any CPU
		{13734F15-653C-4E6B-A0BD-7C71A20A9E5F}.Release|Any CPU.ActiveCfg = Release|Any CPU
		{13734F15-653C-4E6B-A0BD-7C71A20A9E5F}.Release|Any CPU.Build.0 = Release|Any CPU
		{B8A78904-AD6B-41BA-B50A-35E256CFD738}.Debug|Any CPU.ActiveCfg = Debug|Any CPU
		{B8A78904-AD6B-41BA-B50A-35E256CFD738}.Debug|Any CPU.Build.0 = Debug|Any CPU
		{B8A78904-AD6B-41BA-B50A-35E256CFD738}.Release|Any CPU.ActiveCfg = Release|Any CPU
		{B8A78904-AD6B-41BA-B50A-35E256CFD738}.Release|Any CPU.Build.0 = Release|Any CPU
		{C5504345-5974-4E1D-8979-D28A820D79BC}.Debug|Any CPU.ActiveCfg = Debug|Any CPU
		{C5504345-5974-4E1D-8979-D28A820D79BC}.Debug|Any CPU.Build.0 = Debug|Any CPU
		{C5504345-5974-4E1D-8979-D28A820D79BC}.Release|Any CPU.ActiveCfg = Release|Any CPU
		{C5504345-5974-4E1D-8979-D28A820D79BC}.Release|Any CPU.Build.0 = Release|Any CPU
		{7019C2DC-C59B-4F46-BB80-93748E98EBDF}.Debug|Any CPU.ActiveCfg = Debug|Any CPU
		{7019C2DC-C59B-4F46-BB80-93748E98EBDF}.Debug|Any CPU.Build.0 = Debug|Any CPU
		{7019C2DC-C59B-4F46-BB80-93748E98EBDF}.Release|Any CPU.ActiveCfg = Release|Any CPU
		{7019C2DC-C59B-4F46-BB80-93748E98EBDF}.Release|Any CPU.Build.0 = Release|Any CPU
		{A1F7817B-47EF-42C4-972D-6E88EE05BBFD}.Debug|Any CPU.ActiveCfg = Debug|Any CPU
		{A1F7817B-47EF-42C4-972D-6E88EE05BBFD}.Debug|Any CPU.Build.0 = Debug|Any CPU
		{A1F7817B-47EF-42C4-972D-6E88EE05BBFD}.Release|Any CPU.ActiveCfg = Release|Any CPU
		{A1F7817B-47EF-42C4-972D-6E88EE05BBFD}.Release|Any CPU.Build.0 = Release|Any CPU
		{C03945A4-0F2C-4F6A-AE8B-C4E9C93036D7}.Debug|Any CPU.ActiveCfg = Debug|Any CPU
		{C03945A4-0F2C-4F6A-AE8B-C4E9C93036D7}.Debug|Any CPU.Build.0 = Debug|Any CPU
		{C03945A4-0F2C-4F6A-AE8B-C4E9C93036D7}.Release|Any CPU.ActiveCfg = Release|Any CPU
		{C03945A4-0F2C-4F6A-AE8B-C4E9C93036D7}.Release|Any CPU.Build.0 = Release|Any CPU
		{3DBC5116-A29A-412F-8DE3-C53FD1FD3682}.Debug|Any CPU.ActiveCfg = Debug|Any CPU
		{3DBC5116-A29A-412F-8DE3-C53FD1FD3682}.Debug|Any CPU.Build.0 = Debug|Any CPU
		{3DBC5116-A29A-412F-8DE3-C53FD1FD3682}.Release|Any CPU.ActiveCfg = Release|Any CPU
		{3DBC5116-A29A-412F-8DE3-C53FD1FD3682}.Release|Any CPU.Build.0 = Release|Any CPU
		{882F2E49-30CE-45E4-9EE6-7005BD0B079A}.Debug|Any CPU.ActiveCfg = Debug|Any CPU
		{882F2E49-30CE-45E4-9EE6-7005BD0B079A}.Debug|Any CPU.Build.0 = Debug|Any CPU
		{882F2E49-30CE-45E4-9EE6-7005BD0B079A}.Release|Any CPU.ActiveCfg = Release|Any CPU
		{882F2E49-30CE-45E4-9EE6-7005BD0B079A}.Release|Any CPU.Build.0 = Release|Any CPU
	EndGlobalSection
	GlobalSection(SolutionProperties) = preSolution
		HideSolutionNode = FALSE
	EndGlobalSection
	GlobalSection(ExtensibilityGlobals) = postSolution
		SolutionGuid = {CC9A1635-98AE-4FF9-91AA-CE0DC4FA7E23}
	EndGlobalSection
EndGlobal
