<Solution>
  <Folder Name="/Solution Items/">
    <File Path="README.md" />
  </Folder>
  <Folder Name="/Documentation/">
    <File Path="Documentation\Play99_Rules_and_Scoresheets.pdf" />
  </Folder>
  <Project Path="Model\Model.csproj" />
  <Project Path="Presentation\Presentation.csproj" />
  <Project Path="Repository\Repository.csproj" />
  <Project Path="Services\Services.csproj" />
  <Project Path="UI\UI.csproj" />
</Solution>